
Microsoft Visual Studio Solution File, Format Version 12.00
# Visual Studio 15
VisualStudioVersion = 15.0.27703.2035
MinimumVisualStudioVersion = 10.0.40219.1
Project("{FAE04EC0-301F-11D3-BF4B-00C04F79EFBC}") = "WpfMessenger", "WpfMessenger\WpfMessenger.csproj", "{15C03BB7-A5BC-4A91-BE88-F78E6CF51CB9}"
EndProject
Global
	GlobalSection(SolutionConfigurationPlatforms) = preSolution
		Debug|Any CPU = Debug|Any CPU
		Release|Any CPU = Release|Any CPU
	EndGlobalSection
	GlobalSection(ProjectConfigurationPlatforms) = postSolution
		{15C03BB7-A5BC-4A91-BE88-F78E6CF51CB9}.Debug|Any CPU.ActiveCfg = Debug|Any CPU
		{15C03BB7-A5BC-4A91-BE88-F78E6CF51CB9}.Debug|Any CPU.Build.0 = Debug|Any CPU
		{15C03BB7-A5BC-4A91-BE88-F78E6CF51CB9}.Release|Any CPU.ActiveCfg = Release|Any CPU
		{15C03BB7-A5BC-4A91-BE88-F78E6CF51CB9}.Release|Any CPU.Build.0 = Release|Any CPU
	EndGlobalSection
	GlobalSection(SolutionProperties) = preSolution
		HideSolutionNode = FALSE
	EndGlobalSection
	GlobalSection(ExtensibilityGlobals) = postSolution
		SolutionGuid = {6AFC53D1-8740-4796-9516-7C6CDCB7D329}
	EndGlobalSection
EndGlobal
